
Microsoft Visual Studio Solution File, Format Version 12.00
# Visual Studio 15
VisualStudioVersion = 15.0.28307.1831
MinimumVisualStudioVersion = 10.0.40219.1
Project("{FAE04EC0-301F-11D3-BF4B-00C04F79EFBC}") = "QuanLyBanHang_2050531200322", "QuanLyBanHang_2050531200322\QuanLyBanHang_2050531200322.csproj", "{AA8D01E9-9998-41CF-AC23-EC25E17DD0D5}"
EndProject
Global
	GlobalSection(SolutionConfigurationPlatforms) = preSolution
		Debug|Any CPU = Debug|Any CPU
		Release|Any CPU = Release|Any CPU
	EndGlobalSection
	GlobalSection(ProjectConfigurationPlatforms) = postSolution
		{AA8D01E9-9998-41CF-AC23-EC25E17DD0D5}.Debug|Any CPU.ActiveCfg = Debug|Any CPU
		{AA8D01E9-9998-41CF-AC23-EC25E17DD0D5}.Debug|Any CPU.Build.0 = Debug|Any CPU
		{AA8D01E9-9998-41CF-AC23-EC25E17DD0D5}.Release|Any CPU.ActiveCfg = Release|Any CPU
		{AA8D01E9-9998-41CF-AC23-EC25E17DD0D5}.Release|Any CPU.Build.0 = Release|Any CPU
	EndGlobalSection
	GlobalSection(SolutionProperties) = preSolution
		HideSolutionNode = FALSE
	EndGlobalSection
	GlobalSection(ExtensibilityGlobals) = postSolution
		SolutionGuid = {A01BDBA2-893C-4D5A-8C4E-BECD5FAB1D4E}
	EndGlobalSection
EndGlobal
