
Microsoft Visual Studio Solution File, Format Version 12.00
# Visual Studio 15
VisualStudioVersion = 15.0.28307.1831
MinimumVisualStudioVersion = 10.0.40219.1
Project("{FAE04EC0-301F-11D3-BF4B-00C04F79EFBC}") = "InHinhVuong", "InHinhVuong\InHinhVuong.csproj", "{FCF92E84-0471-410E-9B16-9F99CF0BA0F6}"
EndProject
Global
	GlobalSection(SolutionConfigurationPlatforms) = preSolution
		Debug|Any CPU = Debug|Any CPU
		Release|Any CPU = Release|Any CPU
	EndGlobalSection
	GlobalSection(ProjectConfigurationPlatforms) = postSolution
		{FCF92E84-0471-410E-9B16-9F99CF0BA0F6}.Debug|Any CPU.ActiveCfg = Debug|Any CPU
		{FCF92E84-0471-410E-9B16-9F99CF0BA0F6}.Debug|Any CPU.Build.0 = Debug|Any CPU
		{FCF92E84-0471-410E-9B16-9F99CF0BA0F6}.Release|Any CPU.ActiveCfg = Release|Any CPU
		{FCF92E84-0471-410E-9B16-9F99CF0BA0F6}.Release|Any CPU.Build.0 = Release|Any CPU
	EndGlobalSection
	GlobalSection(SolutionProperties) = preSolution
		HideSolutionNode = FALSE
	EndGlobalSection
	GlobalSection(ExtensibilityGlobals) = postSolution
		SolutionGuid = {CE71E0B8-04FC-415F-9263-B2715DA57328}
	EndGlobalSection
EndGlobal
