
Microsoft Visual Studio Solution File, Format Version 12.00
# Visual Studio 15
VisualStudioVersion = 15.0.28307.1831
MinimumVisualStudioVersion = 10.0.40219.1
Project("{FAE04EC0-301F-11D3-BF4B-00C04F79EFBC}") = "InSoNuyenTo", "InSoNuyenTo\InSoNuyenTo.csproj", "{709C4B36-FAB5-4464-AED1-54FA14BB8323}"
EndProject
Global
	GlobalSection(SolutionConfigurationPlatforms) = preSolution
		Debug|Any CPU = Debug|Any CPU
		Release|Any CPU = Release|Any CPU
	EndGlobalSection
	GlobalSection(ProjectConfigurationPlatforms) = postSolution
		{709C4B36-FAB5-4464-AED1-54FA14BB8323}.Debug|Any CPU.ActiveCfg = Debug|Any CPU
		{709C4B36-FAB5-4464-AED1-54FA14BB8323}.Debug|Any CPU.Build.0 = Debug|Any CPU
		{709C4B36-FAB5-4464-AED1-54FA14BB8323}.Release|Any CPU.ActiveCfg = Release|Any CPU
		{709C4B36-FAB5-4464-AED1-54FA14BB8323}.Release|Any CPU.Build.0 = Release|Any CPU
	EndGlobalSection
	GlobalSection(SolutionProperties) = preSolution
		HideSolutionNode = FALSE
	EndGlobalSection
	GlobalSection(ExtensibilityGlobals) = postSolution
		SolutionGuid = {A75C20E3-ADE2-46E7-A662-ACBAE9954DD8}
	EndGlobalSection
EndGlobal
